PODS:
  - Alamofire (5.6.2)
  - AlamofireImage (4.2.0):
    - Alamofire (~> 5.4)
  - Nimble (10.0.0)
  - Quick (5.0.1)
  - ViewInspector (0.9.1)

DEPENDENCIES:
  - Alamofire (~> 5.6.1)
  - AlamofireImage (~> 4.1)
  - Nimble
  - Quick
  - ViewInspector

SPEC REPOS:
  trunk:
    - Alamofire
    - AlamofireImage
    - Nimble
    - Quick
    - ViewInspector

SPEC CHECKSUMS:
  Alamofire: d368e1ff8a298e6dde360e35a3e68e6c610e7204
  AlamofireImage: 34a2d90b0e5fe6a5605f85ae4b7b01e784c60192
  Nimble: 5316ef81a170ce87baf72dd961f22f89a602ff84
  Quick: 749aa754fd1e7d984f2000fe051e18a3a9809179
  ViewInspector: 68842776f07fbf186713689d4846e54f32ccbffb

PODFILE CHECKSUM: ad21e8ccd90c12663129c4d15edab9233a8b9822

COCOAPODS: 1.11.3
