// !$*UTF8*$!
{
	archiveVersion = 1;
	classes = {
	};
	objectVersion = 55;
	objects = {

/* Begin PBXBuildFile section */
		3AB08E122847546A8CF7F66E /* Pods_pos_swiftui.framework in Frameworks */ = {isa = PBXBuildFile; fileRef = 296B3B1D4A244B0B1C1FE204 /* Pods_pos_swiftui.framework */; };
		A0D7C07FAF320F7434175976 /* Pods_pos_swiftuiTests.framework in Frameworks */ = {isa = PBXBuildFile; fileRef = 551491DA511AD0D107076FAD /* Pods_pos_swiftuiTests.framework */; };
		AC70274E28C1B67A008C8D83 /* pos_swiftuiApp.swift in Sources */ = {isa = PBXBuildFile; fileRef = AC70274D28C1B67A008C8D83 /* pos_swiftuiApp.swift */; };
		AC70275228C1B67C008C8D83 /* Assets.xcassets in Resources */ = {isa = PBXBuildFile; fileRef = AC70275128C1B67C008C8D83 /* Assets.xcassets */; };
		AC70275528C1B67C008C8D83 /* Preview Assets.xcassets in Resources */ = {isa = PBXBuildFile; fileRef = AC70275428C1B67C008C8D83 /* Preview Assets.xcassets */; };
		AC70277A28C1B743008C8D83 /* ProductsResult.swift in Sources */ = {isa = PBXBuildFile; fileRef = AC70277828C1B743008C8D83 /* ProductsResult.swift */; };
		AC70277B28C1B743008C8D83 /* Product.swift in Sources */ = {isa = PBXBuildFile; fileRef = AC70277928C1B743008C8D83 /* Product.swift */; };
		AC70277F28C1B77A008C8D83 /* API.swift in Sources */ = {isa = PBXBuildFile; fileRef = AC70277D28C1B77A008C8D83 /* API.swift */; };
		AC70278028C1B77A008C8D83 /* Constants.swift in Sources */ = {isa = PBXBuildFile; fileRef = AC70277E28C1B77A008C8D83 /* Constants.swift */; };
		AC70278428C1B7BA008C8D83 /* ProductListView.swift in Sources */ = {isa = PBXBuildFile; fileRef = AC70278328C1B7BA008C8D83 /* ProductListView.swift */; };
		AC70278628C1B7C7008C8D83 /* ProductListViewModel.swift in Sources */ = {isa = PBXBuildFile; fileRef = AC70278528C1B7C7008C8D83 /* ProductListViewModel.swift */; };
		AC70278928C1B981008C8D83 /* ViewModifiers.swift in Sources */ = {isa = PBXBuildFile; fileRef = AC70278828C1B981008C8D83 /* ViewModifiers.swift */; };
		AC70278B28C23D78008C8D83 /* Decimal+Extensions.swift in Sources */ = {isa = PBXBuildFile; fileRef = AC70278A28C23D78008C8D83 /* Decimal+Extensions.swift */; };
		AC70278D28C24096008C8D83 /* TextModifiers.swift in Sources */ = {isa = PBXBuildFile; fileRef = AC70278C28C24096008C8D83 /* TextModifiers.swift */; };
		AC70279028C2530C008C8D83 /* ProductDetailView.swift in Sources */ = {isa = PBXBuildFile; fileRef = AC70278F28C2530C008C8D83 /* ProductDetailView.swift */; };
		AC70279228C255FC008C8D83 /* Functions.swift in Sources */ = {isa = PBXBuildFile; fileRef = AC70279128C255FC008C8D83 /* Functions.swift */; };
		AC70279528C292DA008C8D83 /* RatingView.swift in Sources */ = {isa = PBXBuildFile; fileRef = AC70279428C292DA008C8D83 /* RatingView.swift */; };
		AC70279B28C29434008C8D83 /* ThumbView.swift in Sources */ = {isa = PBXBuildFile; fileRef = AC70279A28C29434008C8D83 /* ThumbView.swift */; };
		AC70279F28C2A67D008C8D83 /* ProductListViewModelTests.swift in Sources */ = {isa = PBXBuildFile; fileRef = AC70279E28C2A67D008C8D83 /* ProductListViewModelTests.swift */; };
		AC7027A328C2A6E0008C8D83 /* APIMock.swift in Sources */ = {isa = PBXBuildFile; fileRef = AC7027A228C2A6E0008C8D83 /* APIMock.swift */; };
		AC7027A528C2AFEC008C8D83 /* ProductListViewTests.swift in Sources */ = {isa = PBXBuildFile; fileRef = AC7027A428C2AFEB008C8D83 /* ProductListViewTests.swift */; };
/* End PBXBuildFile section */

/* Begin PBXContainerItemProxy section */
		AC70275B28C1B67C008C8D83 /* PBXContainerItemProxy */ = {
			isa = PBXContainerItemProxy;
			containerPortal = AC70274228C1B67A008C8D83 /* Project object */;
			proxyType = 1;
			remoteGlobalIDString = AC70274928C1B67A008C8D83;
			remoteInfo = "pos-swiftui";
		};
/* End PBXContainerItemProxy section */

/* Begin PBXFileReference section */
		136BC0916E89A4649303244E /* Pods-pos-swiftuiTests.release.xcconfig */ = {isa = PBXFileReference; includeInIndex = 1; lastKnownFileType = text.xcconfig; name = "Pods-pos-swiftuiTests.release.xcconfig"; path = "Target Support Files/Pods-pos-swiftuiTests/Pods-pos-swiftuiTests.release.xcconfig"; sourceTree = "<group>"; };
		296B3B1D4A244B0B1C1FE204 /* Pods_pos_swiftui.framework */ = {isa = PBXFileReference; explicitFileType = wrapper.framework; includeInIndex = 0; path = Pods_pos_swiftui.framework; sourceTree = BUILT_PRODUCTS_DIR; };
		3C57376E0836F25D6CBFE5B0 /* Pods-pos-swiftui.debug.xcconfig */ = {isa = PBXFileReference; includeInIndex = 1; lastKnownFileType = text.xcconfig; name = "Pods-pos-swiftui.debug.xcconfig"; path = "Target Support Files/Pods-pos-swiftui/Pods-pos-swiftui.debug.xcconfig"; sourceTree = "<group>"; };
		3C6228D8BA637BAF298ED103 /* Pods-pos-swiftui-pos-swiftuiUITests.release.xcconfig */ = {isa = PBXFileReference; includeInIndex = 1; lastKnownFileType = text.xcconfig; name = "Pods-pos-swiftui-pos-swiftuiUITests.release.xcconfig"; path = "Target Support Files/Pods-pos-swiftui-pos-swiftuiUITests/Pods-pos-swiftui-pos-swiftuiUITests.release.xcconfig"; sourceTree = "<group>"; };
		551491DA511AD0D107076FAD /* Pods_pos_swiftuiTests.framework */ = {isa = PBXFileReference; explicitFileType = wrapper.framework; includeInIndex = 0; path = Pods_pos_swiftuiTests.framework; sourceTree = BUILT_PRODUCTS_DIR; };
		6496BF2F0AB81BFC07E69CB9 /* Pods_pos_swiftui_pos_swiftuiUITests.framework */ = {isa = PBXFileReference; explicitFileType = wrapper.framework; includeInIndex = 0; path = Pods_pos_swiftui_pos_swiftuiUITests.framework; sourceTree = BUILT_PRODUCTS_DIR; };
		84344820150E55512E77B552 /* Pods-pos-swiftuiTests.debug.xcconfig */ = {isa = PBXFileReference; includeInIndex = 1; lastKnownFileType = text.xcconfig; name = "Pods-pos-swiftuiTests.debug.xcconfig"; path = "Target Support Files/Pods-pos-swiftuiTests/Pods-pos-swiftuiTests.debug.xcconfig"; sourceTree = "<group>"; };
		AC70274A28C1B67A008C8D83 /* pos-swiftui.app */ = {isa = PBXFileReference; explicitFileType = wrapper.application; includeInIndex = 0; path = "pos-swiftui.app"; sourceTree = BUILT_PRODUCTS_DIR; };
		AC70274D28C1B67A008C8D83 /* pos_swiftuiApp.swift */ = {isa = PBXFileReference; lastKnownFileType = sourcecode.swift; path = pos_swiftuiApp.swift; sourceTree = "<group>"; };
		AC70275128C1B67C008C8D83 /* Assets.xcassets */ = {isa = PBXFileReference; lastKnownFileType = folder.assetcatalog; path = Assets.xcassets; sourceTree = "<group>"; };
		AC70275428C1B67C008C8D83 /* Preview Assets.xcassets */ = {isa = PBXFileReference; lastKnownFileType = folder.assetcatalog; path = "Preview Assets.xcassets"; sourceTree = "<group>"; };
		AC70275A28C1B67C008C8D83 /* pos-swiftuiTests.xctest */ = {isa = PBXFileReference; explicitFileType = wrapper.cfbundle; includeInIndex = 0; path = "pos-swiftuiTests.xctest"; sourceTree = BUILT_PRODUCTS_DIR; };
		AC70277828C1B743008C8D83 /* ProductsResult.swift */ = {isa = PBXFileReference; fileEncoding = 4; lastKnownFileType = sourcecode.swift; path = ProductsResult.swift; sourceTree = "<group>"; };
		AC70277928C1B743008C8D83 /* Product.swift */ = {isa = PBXFileReference; fileEncoding = 4; lastKnownFileType = sourcecode.swift; path = Product.swift; sourceTree = "<group>"; };
		AC70277D28C1B77A008C8D83 /* API.swift */ = {isa = PBXFileReference; fileEncoding = 4; lastKnownFileType = sourcecode.swift; path = API.swift; sourceTree = "<group>"; };
		AC70277E28C1B77A008C8D83 /* Constants.swift */ = {isa = PBXFileReference; fileEncoding = 4; lastKnownFileType = sourcecode.swift; path = Constants.swift; sourceTree = "<group>"; };
		AC70278328C1B7BA008C8D83 /* ProductListView.swift */ = {isa = PBXFileReference; lastKnownFileType = sourcecode.swift; path = ProductListView.swift; sourceTree = "<group>"; };
		AC70278528C1B7C7008C8D83 /* ProductListViewModel.swift */ = {isa = PBXFileReference; lastKnownFileType = sourcecode.swift; path = ProductListViewModel.swift; sourceTree = "<group>"; };
		AC70278828C1B981008C8D83 /* ViewModifiers.swift */ = {isa = PBXFileReference; lastKnownFileType = sourcecode.swift; path = ViewModifiers.swift; sourceTree = "<group>"; };
		AC70278A28C23D78008C8D83 /* Decimal+Extensions.swift */ = {isa = PBXFileReference; lastKnownFileType = sourcecode.swift; path = "Decimal+Extensions.swift"; sourceTree = "<group>"; };
		AC70278C28C24096008C8D83 /* TextModifiers.swift */ = {isa = PBXFileReference; fileEncoding = 4; lastKnownFileType = sourcecode.swift; path = TextModifiers.swift; sourceTree = "<group>"; };
		AC70278F28C2530C008C8D83 /* ProductDetailView.swift */ = {isa = PBXFileReference; lastKnownFileType = sourcecode.swift; path = ProductDetailView.swift; sourceTree = "<group>"; };
		AC70279128C255FC008C8D83 /* Functions.swift */ = {isa = PBXFileReference; lastKnownFileType = sourcecode.swift; path = Functions.swift; sourceTree = "<group>"; };
		AC70279428C292DA008C8D83 /* RatingView.swift */ = {isa = PBXFileReference; lastKnownFileType = sourcecode.swift; path = RatingView.swift; sourceTree = "<group>"; };
		AC70279A28C29434008C8D83 /* ThumbView.swift */ = {isa = PBXFileReference; lastKnownFileType = sourcecode.swift; path = ThumbView.swift; sourceTree = "<group>"; };
		AC70279E28C2A67D008C8D83 /* ProductListViewModelTests.swift */ = {isa = PBXFileReference; lastKnownFileType = sourcecode.swift; path = ProductListViewModelTests.swift; sourceTree = "<group>"; };
		AC7027A228C2A6E0008C8D83 /* APIMock.swift */ = {isa = PBXFileReference; lastKnownFileType = sourcecode.swift; path = APIMock.swift; sourceTree = "<group>"; };
		AC7027A428C2AFEB008C8D83 /* ProductListViewTests.swift */ = {isa = PBXFileReference; lastKnownFileType = sourcecode.swift; path = ProductListViewTests.swift; sourceTree = "<group>"; };
		AC7027A628C2D349008C8D83 /* pos-swiftuiTests-Bridging-Header.h */ = {isa = PBXFileReference; fileEncoding = 4; lastKnownFileType = sourcecode.c.h; path = "pos-swiftuiTests-Bridging-Header.h"; sourceTree = "<group>"; };
		AC95B892F55F5118076B8BCB /* Pods-pos-swiftui-pos-swiftuiUITests.debug.xcconfig */ = {isa = PBXFileReference; includeInIndex = 1; lastKnownFileType = text.xcconfig; name = "Pods-pos-swiftui-pos-swiftuiUITests.debug.xcconfig"; path = "Target Support Files/Pods-pos-swiftui-pos-swiftuiUITests/Pods-pos-swiftui-pos-swiftuiUITests.debug.xcconfig"; sourceTree = "<group>"; };
		D1C4CA0552099BC500792995 /* Pods-pos-swiftui.release.xcconfig */ = {isa = PBXFileReference; includeInIndex = 1; lastKnownFileType = text.xcconfig; name = "Pods-pos-swiftui.release.xcconfig"; path = "Target Support Files/Pods-pos-swiftui/Pods-pos-swiftui.release.xcconfig"; sourceTree = "<group>"; };
/* End PBXFileReference section */

/* Begin PBXFrameworksBuildPhase section */
		AC70274728C1B67A008C8D83 /* Frameworks */ = {
			isa = PBXFrameworksBuildPhase;
			buildActionMask = 2147483647;
			files = (
				3AB08E122847546A8CF7F66E /* Pods_pos_swiftui.framework in Frameworks */,
			);
			runOnlyForDeploymentPostprocessing = 0;
		};
		AC70275728C1B67C008C8D83 /* Frameworks */ = {
			isa = PBXFrameworksBuildPhase;
			buildActionMask = 2147483647;
			files = (
				A0D7C07FAF320F7434175976 /* Pods_pos_swiftuiTests.framework in Frameworks */,
			);
			runOnlyForDeploymentPostprocessing = 0;
		};
/* End PBXFrameworksBuildPhase section */

/* Begin PBXGroup section */
		207DE735CAEF173001BA95ED /* Pods */ = {
			isa = PBXGroup;
			children = (
				3C57376E0836F25D6CBFE5B0 /* Pods-pos-swiftui.debug.xcconfig */,
				D1C4CA0552099BC500792995 /* Pods-pos-swiftui.release.xcconfig */,
				AC95B892F55F5118076B8BCB /* Pods-pos-swiftui-pos-swiftuiUITests.debug.xcconfig */,
				3C6228D8BA637BAF298ED103 /* Pods-pos-swiftui-pos-swiftuiUITests.release.xcconfig */,
				84344820150E55512E77B552 /* Pods-pos-swiftuiTests.debug.xcconfig */,
				136BC0916E89A4649303244E /* Pods-pos-swiftuiTests.release.xcconfig */,
			);
			path = Pods;
			sourceTree = "<group>";
		};
		6F459A61C65401FC240635B8 /* Frameworks */ = {
			isa = PBXGroup;
			children = (
				296B3B1D4A244B0B1C1FE204 /* Pods_pos_swiftui.framework */,
				6496BF2F0AB81BFC07E69CB9 /* Pods_pos_swiftui_pos_swiftuiUITests.framework */,
				551491DA511AD0D107076FAD /* Pods_pos_swiftuiTests.framework */,
			);
			name = Frameworks;
			sourceTree = "<group>";
		};
		AC70274128C1B67A008C8D83 = {
			isa = PBXGroup;
			children = (
				AC70274C28C1B67A008C8D83 /* pos-swiftui */,
				AC70275D28C1B67C008C8D83 /* pos-swiftuiTests */,
				AC70274B28C1B67A008C8D83 /* Products */,
				207DE735CAEF173001BA95ED /* Pods */,
				6F459A61C65401FC240635B8 /* Frameworks */,
			);
			sourceTree = "<group>";
		};
		AC70274B28C1B67A008C8D83 /* Products */ = {
			isa = PBXGroup;
			children = (
				AC70274A28C1B67A008C8D83 /* pos-swiftui.app */,
				AC70275A28C1B67C008C8D83 /* pos-swiftuiTests.xctest */,
			);
			name = Products;
			sourceTree = "<group>";
		};
		AC70274C28C1B67A008C8D83 /* pos-swiftui */ = {
			isa = PBXGroup;
			children = (
				AC70279328C292C7008C8D83 /* CustomViews */,
				AC70278728C1B96A008C8D83 /* Modifiers */,
				AC70278128C1B797008C8D83 /* App */,
				AC70277C28C1B75C008C8D83 /* Helpers */,
				AC70277728C1B72A008C8D83 /* Models */,
				AC70274D28C1B67A008C8D83 /* pos_swiftuiApp.swift */,
				AC70275128C1B67C008C8D83 /* Assets.xcassets */,
				AC70275328C1B67C008C8D83 /* Preview Content */,
			);
			path = "pos-swiftui";
			sourceTree = "<group>";
		};
		AC70275328C1B67C008C8D83 /* Preview Content */ = {
			isa = PBXGroup;
			children = (
				AC70275428C1B67C008C8D83 /* Preview Assets.xcassets */,
			);
			path = "Preview Content";
			sourceTree = "<group>";
		};
		AC70275D28C1B67C008C8D83 /* pos-swiftuiTests */ = {
			isa = PBXGroup;
			children = (
				AC7027A128C2A6D3008C8D83 /* Helpers */,
				AC70279C28C2A653008C8D83 /* ProductList */,
			);
			path = "pos-swiftuiTests";
			sourceTree = "<group>";
		};
		AC70277728C1B72A008C8D83 /* Models */ = {
			isa = PBXGroup;
			children = (
				AC70277928C1B743008C8D83 /* Product.swift */,
				AC70277828C1B743008C8D83 /* ProductsResult.swift */,
			);
			path = Models;
			sourceTree = "<group>";
		};
		AC70277C28C1B75C008C8D83 /* Helpers */ = {
			isa = PBXGroup;
			children = (
				AC70277D28C1B77A008C8D83 /* API.swift */,
				AC70277E28C1B77A008C8D83 /* Constants.swift */,
				AC70278A28C23D78008C8D83 /* Decimal+Extensions.swift */,
				AC70279128C255FC008C8D83 /* Functions.swift */,
			);
			path = Helpers;
			sourceTree = "<group>";
		};
		AC70278128C1B797008C8D83 /* App */ = {
			isa = PBXGroup;
			children = (
				AC70278E28C252F2008C8D83 /* ProductDetail */,
				AC70278228C1B7A6008C8D83 /* ProductList */,
			);
			path = App;
			sourceTree = "<group>";
		};
		AC70278228C1B7A6008C8D83 /* ProductList */ = {
			isa = PBXGroup;
			children = (
				AC70278328C1B7BA008C8D83 /* ProductListView.swift */,
				AC70278528C1B7C7008C8D83 /* ProductListViewModel.swift */,
			);
			path = ProductList;
			sourceTree = "<group>";
		};
		AC70278728C1B96A008C8D83 /* Modifiers */ = {
			isa = PBXGroup;
			children = (
				AC70278C28C24096008C8D83 /* TextModifiers.swift */,
				AC70278828C1B981008C8D83 /* ViewModifiers.swift */,
			);
			path = Modifiers;
			sourceTree = "<group>";
		};
		AC70278E28C252F2008C8D83 /* ProductDetail */ = {
			isa = PBXGroup;
			children = (
				AC70278F28C2530C008C8D83 /* ProductDetailView.swift */,
			);
			path = ProductDetail;
			sourceTree = "<group>";
		};
		AC70279328C292C7008C8D83 /* CustomViews */ = {
			isa = PBXGroup;
			children = (
				AC70279428C292DA008C8D83 /* RatingView.swift */,
				AC70279A28C29434008C8D83 /* ThumbView.swift */,
			);
			path = CustomViews;
			sourceTree = "<group>";
		};
		AC70279C28C2A653008C8D83 /* ProductList */ = {
			isa = PBXGroup;
			children = (
				AC7027A628C2D349008C8D83 /* pos-swiftuiTests-Bridging-Header.h */,
				AC70279E28C2A67D008C8D83 /* ProductListViewModelTests.swift */,
				AC7027A428C2AFEB008C8D83 /* ProductListViewTests.swift */,
			);
			path = ProductList;
			sourceTree = "<group>";
		};
		AC7027A128C2A6D3008C8D83 /* Helpers */ = {
			isa = PBXGroup;
			children = (
				AC7027A228C2A6E0008C8D83 /* APIMock.swift */,
			);
			path = Helpers;
			sourceTree = "<group>";
		};
/* End PBXGroup section */

/* Begin PBXNativeTarget section */
		AC70274928C1B67A008C8D83 /* pos-swiftui */ = {
			isa = PBXNativeTarget;
			buildConfigurationList = AC70276E28C1B67C008C8D83 /* Build configuration list for PBXNativeTarget "pos-swiftui" */;
			buildPhases = (
				402BFAA9ADA1CC77EB5B60B3 /* [CP] Check Pods Manifest.lock */,
				AC70274628C1B67A008C8D83 /* Sources */,
				AC70274728C1B67A008C8D83 /* Frameworks */,
				AC70274828C1B67A008C8D83 /* Resources */,
				4D8A5B126A548B508005BEA8 /* [CP] Embed Pods Frameworks */,
			);
			buildRules = (
			);
			dependencies = (
			);
			name = "pos-swiftui";
			productName = "pos-swiftui";
			productReference = AC70274A28C1B67A008C8D83 /* pos-swiftui.app */;
			productType = "com.apple.product-type.application";
		};
		AC70275928C1B67C008C8D83 /* pos-swiftuiTests */ = {
			isa = PBXNativeTarget;
			buildConfigurationList = AC70277128C1B67C008C8D83 /* Build configuration list for PBXNativeTarget "pos-swiftuiTests" */;
			buildPhases = (
				53C3DA4B24C838851786C0A6 /* [CP] Check Pods Manifest.lock */,
				AC70275628C1B67C008C8D83 /* Sources */,
				AC70275728C1B67C008C8D83 /* Frameworks */,
				AC70275828C1B67C008C8D83 /* Resources */,
				937CA6D4004FADBE26C0D782 /* [CP] Embed Pods Frameworks */,
			);
			buildRules = (
			);
			dependencies = (
				AC70275C28C1B67C008C8D83 /* PBXTargetDependency */,
			);
			name = "pos-swiftuiTests";
			productName = "pos-swiftuiTests";
			productReference = AC70275A28C1B67C008C8D83 /* pos-swiftuiTests.xctest */;
			productType = "com.apple.product-type.bundle.unit-test";
		};
/* End PBXNativeTarget section */

/* Begin PBXProject section */
		AC70274228C1B67A008C8D83 /* Project object */ = {
			isa = PBXProject;
			attributes = {
				BuildIndependentTargetsInParallel = 1;
				LastSwiftUpdateCheck = 1320;
				LastUpgradeCheck = 1320;
				TargetAttributes = {
					AC70274928C1B67A008C8D83 = {
						CreatedOnToolsVersion = 13.2.1;
					};
					AC70275928C1B67C008C8D83 = {
						CreatedOnToolsVersion = 13.2.1;
						LastSwiftMigration = 1320;
						TestTargetID = AC70274928C1B67A008C8D83;
					};
				};
			};
			buildConfigurationList = AC70274528C1B67A008C8D83 /* Build configuration list for PBXProject "pos-swiftui" */;
			compatibilityVersion = "Xcode 13.0";
			developmentRegion = en;
			hasScannedForEncodings = 0;
			knownRegions = (
				en,
				Base,
			);
			mainGroup = AC70274128C1B67A008C8D83;
			productRefGroup = AC70274B28C1B67A008C8D83 /* Products */;
			projectDirPath = "";
			projectRoot = "";
			targets = (
				AC70274928C1B67A008C8D83 /* pos-swiftui */,
				AC70275928C1B67C008C8D83 /* pos-swiftuiTests */,
			);
		};
/* End PBXProject section */

/* Begin PBXResourcesBuildPhase section */
		AC70274828C1B67A008C8D83 /* Resources */ = {
			isa = PBXResourcesBuildPhase;
			buildActionMask = 2147483647;
			files = (
				AC70275528C1B67C008C8D83 /* Preview Assets.xcassets in Resources */,
				AC70275228C1B67C008C8D83 /* Assets.xcassets in Resources */,
			);
			runOnlyForDeploymentPostprocessing = 0;
		};
		AC70275828C1B67C008C8D83 /* Resources */ = {
			isa = PBXResourcesBuildPhase;
			buildActionMask = 2147483647;
			files = (
			);
			runOnlyForDeploymentPostprocessing = 0;
		};
/* End PBXResourcesBuildPhase section */

/* Begin PBXShellScriptBuildPhase section */
		402BFAA9ADA1CC77EB5B60B3 /* [CP] Check Pods Manifest.lock */ = {
			isa = PBXShellScriptBuildPhase;
			buildActionMask = 2147483647;
			files = (
			);
			inputFileListPaths = (
			);
			inputPaths = (
				"${PODS_PODFILE_DIR_PATH}/Podfile.lock",
				"${PODS_ROOT}/Manifest.lock",
			);
			name = "[CP] Check Pods Manifest.lock";
			outputFileListPaths = (
			);
			outputPaths = (
				"$(DERIVED_FILE_DIR)/Pods-pos-swiftui-checkManifestLockResult.txt",
			);
			runOnlyForDeploymentPostprocessing = 0;
			shellPath = /bin/sh;
			shellScript = "diff \"${PODS_PODFILE_DIR_PATH}/Podfile.lock\" \"${PODS_ROOT}/Manifest.lock\" > /dev/null\nif [ $? != 0 ] ; then\n    # print error to STDERR\n    echo \"error: The sandbox is not in sync with the Podfile.lock. Run 'pod install' or update your CocoaPods installation.\" >&2\n    exit 1\nfi\n# This output is used by Xcode 'outputs' to avoid re-running this script phase.\necho \"SUCCESS\" > \"${SCRIPT_OUTPUT_FILE_0}\"\n";
			showEnvVarsInLog = 0;
		};
		4D8A5B126A548B508005BEA8 /* [CP] Embed Pods Frameworks */ = {
			isa = PBXShellScriptBuildPhase;
			buildActionMask = 2147483647;
			files = (
			);
			inputFileListPaths = (
				"${PODS_ROOT}/Target Support Files/Pods-pos-swiftui/Pods-pos-swiftui-frameworks-${CONFIGURATION}-input-files.xcfilelist",
			);
			name = "[CP] Embed Pods Frameworks";
			outputFileListPaths = (
				"${PODS_ROOT}/Target Support Files/Pods-pos-swiftui/Pods-pos-swiftui-frameworks-${CONFIGURATION}-output-files.xcfilelist",
			);
			runOnlyForDeploymentPostprocessing = 0;
			shellPath = /bin/sh;
			shellScript = "\"${PODS_ROOT}/Target Support Files/Pods-pos-swiftui/Pods-pos-swiftui-frameworks.sh\"\n";
			showEnvVarsInLog = 0;
		};
		53C3DA4B24C838851786C0A6 /* [CP] Check Pods Manifest.lock */ = {
			isa = PBXShellScriptBuildPhase;
			buildActionMask = 2147483647;
			files = (
			);
			inputFileListPaths = (
			);
			inputPaths = (
				"${PODS_PODFILE_DIR_PATH}/Podfile.lock",
				"${PODS_ROOT}/Manifest.lock",
			);
			name = "[CP] Check Pods Manifest.lock";
			outputFileListPaths = (
			);
			outputPaths = (
				"$(DERIVED_FILE_DIR)/Pods-pos-swiftuiTests-checkManifestLockResult.txt",
			);
			runOnlyForDeploymentPostprocessing = 0;
			shellPath = /bin/sh;
			shellScript = "diff \"${PODS_PODFILE_DIR_PATH}/Podfile.lock\" \"${PODS_ROOT}/Manifest.lock\" > /dev/null\nif [ $? != 0 ] ; then\n    # print error to STDERR\n    echo \"error: The sandbox is not in sync with the Podfile.lock. Run 'pod install' or update your CocoaPods installation.\" >&2\n    exit 1\nfi\n# This output is used by Xcode 'outputs' to avoid re-running this script phase.\necho \"SUCCESS\" > \"${SCRIPT_OUTPUT_FILE_0}\"\n";
			showEnvVarsInLog = 0;
		};
		937CA6D4004FADBE26C0D782 /* [CP] Embed Pods Frameworks */ = {
			isa = PBXShellScriptBuildPhase;
			buildActionMask = 2147483647;
			files = (
			);
			inputFileListPaths = (
				"${PODS_ROOT}/Target Support Files/Pods-pos-swiftuiTests/Pods-pos-swiftuiTests-frameworks-${CONFIGURATION}-input-files.xcfilelist",
			);
			name = "[CP] Embed Pods Frameworks";
			outputFileListPaths = (
				"${PODS_ROOT}/Target Support Files/Pods-pos-swiftuiTests/Pods-pos-swiftuiTests-frameworks-${CONFIGURATION}-output-files.xcfilelist",
			);
			runOnlyForDeploymentPostprocessing = 0;
			shellPath = /bin/sh;
			shellScript = "\"${PODS_ROOT}/Target Support Files/Pods-pos-swiftuiTests/Pods-pos-swiftuiTests-frameworks.sh\"\n";
			showEnvVarsInLog = 0;
		};
/* End PBXShellScriptBuildPhase section */

/* Begin PBXSourcesBuildPhase section */
		AC70274628C1B67A008C8D83 /* Sources */ = {
			isa = PBXSourcesBuildPhase;
			buildActionMask = 2147483647;
			files = (
				AC70278B28C23D78008C8D83 /* Decimal+Extensions.swift in Sources */,
				AC70277A28C1B743008C8D83 /* ProductsResult.swift in Sources */,
				AC70279028C2530C008C8D83 /* ProductDetailView.swift in Sources */,
				AC70277B28C1B743008C8D83 /* Product.swift in Sources */,
				AC70279B28C29434008C8D83 /* ThumbView.swift in Sources */,
				AC70278D28C24096008C8D83 /* TextModifiers.swift in Sources */,
				AC70278428C1B7BA008C8D83 /* ProductListView.swift in Sources */,
				AC70278928C1B981008C8D83 /* ViewModifiers.swift in Sources */,
				AC70279528C292DA008C8D83 /* RatingView.swift in Sources */,
				AC70274E28C1B67A008C8D83 /* pos_swiftuiApp.swift in Sources */,
				AC70277F28C1B77A008C8D83 /* API.swift in Sources */,
				AC70278628C1B7C7008C8D83 /* ProductListViewModel.swift in Sources */,
				AC70278028C1B77A008C8D83 /* Constants.swift in Sources */,
				AC70279228C255FC008C8D83 /* Functions.swift in Sources */,
			);
			runOnlyForDeploymentPostprocessing = 0;
		};
		AC70275628C1B67C008C8D83 /* Sources */ = {
			isa = PBXSourcesBuildPhase;
			buildActionMask = 2147483647;
			files = (
				AC7027A328C2A6E0008C8D83 /* APIMock.swift in Sources */,
				AC7027A528C2AFEC008C8D83 /* ProductListViewTests.swift in Sources */,
				AC70279F28C2A67D008C8D83 /* ProductListViewModelTests.swift in Sources */,
			);
			runOnlyForDeploymentPostprocessing = 0;
		};
/* End PBXSourcesBuildPhase section */

/* Begin PBXTargetDependency section */
		AC70275C28C1B67C008C8D83 /* PBXTargetDependency */ = {
			isa = PBXTargetDependency;
			target = AC70274928C1B67A008C8D83 /* pos-swiftui */;
			targetProxy = AC70275B28C1B67C008C8D83 /* PBXContainerItemProxy */;
		};
/* End PBXTargetDependency section */

/* Begin XCBuildConfiguration section */
		AC70276C28C1B67C008C8D83 /* Debug */ = {
			isa = XCBuildConfiguration;
			buildSettings = {
				ALWAYS_SEARCH_USER_PATHS = NO;
				CLANG_ANALYZER_NONNULL = YES;
				CLANG_ANALYZER_NUMBER_OBJECT_CONVERSION = YES_AGGRESSIVE;
				CLANG_CXX_LANGUAGE_STANDARD = "gnu++17";
				CLANG_CXX_LIBRARY = "libc++";
				CLANG_ENABLE_MODULES = YES;
				CLANG_ENABLE_OBJC_ARC = YES;
				CLANG_ENABLE_OBJC_WEAK = YES;
				CLANG_WARN_BLOCK_CAPTURE_AUTORELEASING = YES;
				CLANG_WARN_BOOL_CONVERSION = YES;
				CLANG_WARN_COMMA = YES;
				CLANG_WARN_CONSTANT_CONVERSION = YES;
				CLANG_WARN_DEPRECATED_OBJC_IMPLEMENTATIONS = YES;
				CLANG_WARN_DIRECT_OBJC_ISA_USAGE = YES_ERROR;
				CLANG_WARN_DOCUMENTATION_COMMENTS = YES;
				CLANG_WARN_EMPTY_BODY = YES;
				CLANG_WARN_ENUM_CONVERSION = YES;
				CLANG_WARN_INFINITE_RECURSION = YES;
				CLANG_WARN_INT_CONVERSION = YES;
				CLANG_WARN_NON_LITERAL_NULL_CONVERSION = YES;
				CLANG_WARN_OBJC_IMPLICIT_RETAIN_SELF = YES;
				CLANG_WARN_OBJC_LITERAL_CONVERSION = YES;
				CLANG_WARN_OBJC_ROOT_CLASS = YES_ERROR;
				CLANG_WARN_QUOTED_INCLUDE_IN_FRAMEWORK_HEADER = YES;
				CLANG_WARN_RANGE_LOOP_ANALYSIS = YES;
				CLANG_WARN_STRICT_PROTOTYPES = YES;
				CLANG_WARN_SUSPICIOUS_MOVE = YES;
				CLANG_WARN_UNGUARDED_AVAILABILITY = YES_AGGRESSIVE;
				CLANG_WARN_UNREACHABLE_CODE = YES;
				CLANG_WARN__DUPLICATE_METHOD_MATCH = YES;
				COPY_PHASE_STRIP = NO;
				DEBUG_INFORMATION_FORMAT = dwarf;
				ENABLE_STRICT_OBJC_MSGSEND = YES;
				ENABLE_TESTABILITY = YES;
				GCC_C_LANGUAGE_STANDARD = gnu11;
				GCC_DYNAMIC_NO_PIC = NO;
				GCC_NO_COMMON_BLOCKS = YES;
				GCC_OPTIMIZATION_LEVEL = 0;
				GCC_PREPROCESSOR_DEFINITIONS = (
					"DEBUG=1",
					"$(inherited)",
				);
				GCC_WARN_64_TO_32_BIT_CONVERSION = YES;
				GCC_WARN_ABOUT_RETURN_TYPE = YES_ERROR;
				GCC_WARN_UNDECLARED_SELECTOR = YES;
				GCC_WARN_UNINITIALIZED_AUTOS = YES_AGGRESSIVE;
				GCC_WARN_UNUSED_FUNCTION = YES;
				GCC_WARN_UNUSED_VARIABLE = YES;
				IPHONEOS_DEPLOYMENT_TARGET = 15.2;
				MTL_ENABLE_DEBUG_INFO = INCLUDE_SOURCE;
				MTL_FAST_MATH = YES;
				ONLY_ACTIVE_ARCH = YES;
				SDKROOT = iphoneos;
				SWIFT_ACTIVE_COMPILATION_CONDITIONS = DEBUG;
				SWIFT_OPTIMIZATION_LEVEL = "-Onone";
			};
			name = Debug;
		};
		AC70276D28C1B67C008C8D83 /* Release */ = {
			isa = XCBuildConfiguration;
			buildSettings = {
				ALWAYS_SEARCH_USER_PATHS = NO;
				CLANG_ANALYZER_NONNULL = YES;
				CLANG_ANALYZER_NUMBER_OBJECT_CONVERSION = YES_AGGRESSIVE;
				CLANG_CXX_LANGUAGE_STANDARD = "gnu++17";
				CLANG_CXX_LIBRARY = "libc++";
				CLANG_ENABLE_MODULES = YES;
				CLANG_ENABLE_OBJC_ARC = YES;
				CLANG_ENABLE_OBJC_WEAK = YES;
				CLANG_WARN_BLOCK_CAPTURE_AUTORELEASING = YES;
				CLANG_WARN_BOOL_CONVERSION = YES;
				CLANG_WARN_COMMA = YES;
				CLANG_WARN_CONSTANT_CONVERSION = YES;
				CLANG_WARN_DEPRECATED_OBJC_IMPLEMENTATIONS = YES;
				CLANG_WARN_DIRECT_OBJC_ISA_USAGE = YES_ERROR;
				CLANG_WARN_DOCUMENTATION_COMMENTS = YES;
				CLANG_WARN_EMPTY_BODY = YES;
				CLANG_WARN_ENUM_CONVERSION = YES;
				CLANG_WARN_INFINITE_RECURSION = YES;
				CLANG_WARN_INT_CONVERSION = YES;
				CLANG_WARN_NON_LITERAL_NULL_CONVERSION = YES;
				CLANG_WARN_OBJC_IMPLICIT_RETAIN_SELF = YES;
				CLANG_WARN_OBJC_LITERAL_CONVERSION = YES;
				CLANG_WARN_OBJC_ROOT_CLASS = YES_ERROR;
				CLANG_WARN_QUOTED_INCLUDE_IN_FRAMEWORK_HEADER = YES;
				CLANG_WARN_RANGE_LOOP_ANALYSIS = YES;
				CLANG_WARN_STRICT_PROTOTYPES = YES;
				CLANG_WARN_SUSPICIOUS_MOVE = YES;
				CLANG_WARN_UNGUARDED_AVAILABILITY = YES_AGGRESSIVE;
				CLANG_WARN_UNREACHABLE_CODE = YES;
				CLANG_WARN__DUPLICATE_METHOD_MATCH = YES;
				COPY_PHASE_STRIP = NO;
				DEBUG_INFORMATION_FORMAT = "dwarf-with-dsym";
				ENABLE_NS_ASSERTIONS = NO;
				ENABLE_STRICT_OBJC_MSGSEND = YES;
				GCC_C_LANGUAGE_STANDARD = gnu11;
				GCC_NO_COMMON_BLOCKS = YES;
				GCC_WARN_64_TO_32_BIT_CONVERSION = YES;
				GCC_WARN_ABOUT_RETURN_TYPE = YES_ERROR;
				GCC_WARN_UNDECLARED_SELECTOR = YES;
				GCC_WARN_UNINITIALIZED_AUTOS = YES_AGGRESSIVE;
				GCC_WARN_UNUSED_FUNCTION = YES;
				GCC_WARN_UNUSED_VARIABLE = YES;
				IPHONEOS_DEPLOYMENT_TARGET = 15.2;
				MTL_ENABLE_DEBUG_INFO = NO;
				MTL_FAST_MATH = YES;
				SDKROOT = iphoneos;
				SWIFT_COMPILATION_MODE = wholemodule;
				SWIFT_OPTIMIZATION_LEVEL = "-O";
				VALIDATE_PRODUCT = YES;
			};
			name = Release;
		};
		AC70276F28C1B67C008C8D83 /* Debug */ = {
			isa = XCBuildConfiguration;
			baseConfigurationReference = 3C57376E0836F25D6CBFE5B0 /* Pods-pos-swiftui.debug.xcconfig */;
			buildSettings = {
				ASSETCATALOG_COMPILER_APPICON_NAME = AppIcon;
				ASSETCATALOG_COMPILER_GLOBAL_ACCENT_COLOR_NAME = AccentColor;
				CODE_SIGN_STYLE = Automatic;
				CURRENT_PROJECT_VERSION = 1;
				DEVELOPMENT_ASSET_PATHS = "\"pos-swiftui/Preview Content\"";
				ENABLE_PREVIEWS = YES;
				GENERATE_INFOPLIST_FILE = YES;
				INFOPLIST_KEY_UIApplicationSceneManifest_Generation = YES;
				INFOPLIST_KEY_UIApplicationSupportsIndirectInputEvents = YES;
				INFOPLIST_KEY_UILaunchScreen_Generation = YES;
				INFOPLIST_KEY_UISupportedInterfaceOrientations_iPad = "UIInterfaceOrientationPortrait UIInterfaceOrientationPortraitUpsideDown UIInterfaceOrientationLandscapeLeft UIInterfaceOrientationLandscapeRight";
				INFOPLIST_KEY_UISupportedInterfaceOrientations_iPhone = "UIInterfaceOrientationPortrait UIInterfaceOrientationLandscapeLeft UIInterfaceOrientationLandscapeRight";
				LD_RUNPATH_SEARCH_PATHS = (
					"$(inherited)",
					"@executable_path/Frameworks",
				);
				MARKETING_VERSION = 1.0;
				PRODUCT_BUNDLE_IDENTIFIER = "elder004.pos-swiftui";
				PRODUCT_NAME = "$(TARGET_NAME)";
				SWIFT_EMIT_LOC_STRINGS = YES;
				SWIFT_VERSION = 5.0;
				TARGETED_DEVICE_FAMILY = "1,2";
			};
			name = Debug;
		};
		AC70277028C1B67C008C8D83 /* Release */ = {
			isa = XCBuildConfiguration;
			baseConfigurationReference = D1C4CA0552099BC500792995 /* Pods-pos-swiftui.release.xcconfig */;
			buildSettings = {
				ASSETCATALOG_COMPILER_APPICON_NAME = AppIcon;
				ASSETCATALOG_COMPILER_GLOBAL_ACCENT_COLOR_NAME = AccentColor;
				CODE_SIGN_STYLE = Automatic;
				CURRENT_PROJECT_VERSION = 1;
				DEVELOPMENT_ASSET_PATHS = "\"pos-swiftui/Preview Content\"";
				ENABLE_PREVIEWS = YES;
				GENERATE_INFOPLIST_FILE = YES;
				INFOPLIST_KEY_UIApplicationSceneManifest_Generation = YES;
				INFOPLIST_KEY_UIApplicationSupportsIndirectInputEvents = YES;
				INFOPLIST_KEY_UILaunchScreen_Generation = YES;
				INFOPLIST_KEY_UISupportedInterfaceOrientations_iPad = "UIInterfaceOrientationPortrait UIInterfaceOrientationPortraitUpsideDown UIInterfaceOrientationLandscapeLeft UIInterfaceOrientationLandscapeRight";
				INFOPLIST_KEY_UISupportedInterfaceOrientations_iPhone = "UIInterfaceOrientationPortrait UIInterfaceOrientationLandscapeLeft UIInterfaceOrientationLandscapeRight";
				LD_RUNPATH_SEARCH_PATHS = (
					"$(inherited)",
					"@executable_path/Frameworks",
				);
				MARKETING_VERSION = 1.0;
				PRODUCT_BUNDLE_IDENTIFIER = "elder004.pos-swiftui";
				PRODUCT_NAME = "$(TARGET_NAME)";
				SWIFT_EMIT_LOC_STRINGS = YES;
				SWIFT_VERSION = 5.0;
				TARGETED_DEVICE_FAMILY = "1,2";
			};
			name = Release;
		};
		AC70277228C1B67C008C8D83 /* Debug */ = {
			isa = XCBuildConfiguration;
			baseConfigurationReference = 84344820150E55512E77B552 /* Pods-pos-swiftuiTests.debug.xcconfig */;
			buildSettings = {
				ALWAYS_EMBED_SWIFT_STANDARD_LIBRARIES = YES;
				BUNDLE_LOADER = "$(TEST_HOST)";
				CLANG_ENABLE_MODULES = YES;
				CODE_SIGN_STYLE = Automatic;
				CURRENT_PROJECT_VERSION = 1;
				GENERATE_INFOPLIST_FILE = YES;
				IPHONEOS_DEPLOYMENT_TARGET = 15.2;
				LD_RUNPATH_SEARCH_PATHS = (
					"$(inherited)",
					"@executable_path/Frameworks",
					"@loader_path/Frameworks",
				);
				MARKETING_VERSION = 1.0;
				PRODUCT_BUNDLE_IDENTIFIER = "elder004.pos-swiftuiTests";
				PRODUCT_NAME = "$(TARGET_NAME)";
				SWIFT_EMIT_LOC_STRINGS = NO;
				SWIFT_OBJC_BRIDGING_HEADER = "pos-swiftuiTests/ProductList/pos-swiftuiTests-Bridging-Header.h";
				SWIFT_OPTIMIZATION_LEVEL = "-Onone";
				SWIFT_VERSION = 5.0;
				TARGETED_DEVICE_FAMILY = "1,2";
				TEST_HOST = "$(BUILT_PRODUCTS_DIR)/pos-swiftui.app/pos-swiftui";
			};
			name = Debug;
		};
		AC70277328C1B67C008C8D83 /* Release */ = {
			isa = XCBuildConfiguration;
			baseConfigurationReference = 136BC0916E89A4649303244E /* Pods-pos-swiftuiTests.release.xcconfig */;
			buildSettings = {
				ALWAYS_EMBED_SWIFT_STANDARD_LIBRARIES = YES;
				BUNDLE_LOADER = "$(TEST_HOST)";
				CLANG_ENABLE_MODULES = YES;
				CODE_SIGN_STYLE = Automatic;
				CURRENT_PROJECT_VERSION = 1;
				GENERATE_INFOPLIST_FILE = YES;
				IPHONEOS_DEPLOYMENT_TARGET = 15.2;
				LD_RUNPATH_SEARCH_PATHS = (
					"$(inherited)",
					"@executable_path/Frameworks",
					"@loader_path/Frameworks",
				);
				MARKETING_VERSION = 1.0;
				PRODUCT_BUNDLE_IDENTIFIER = "elder004.pos-swiftuiTests";
				PRODUCT_NAME = "$(TARGET_NAME)";
				SWIFT_EMIT_LOC_STRINGS = NO;
				SWIFT_OBJC_BRIDGING_HEADER = "pos-swiftuiTests/ProductList/pos-swiftuiTests-Bridging-Header.h";
				SWIFT_VERSION = 5.0;
				TARGETED_DEVICE_FAMILY = "1,2";
				TEST_HOST = "$(BUILT_PRODUCTS_DIR)/pos-swiftui.app/pos-swiftui";
			};
			name = Release;
		};
/* End XCBuildConfiguration section */

/* Begin XCConfigurationList section */
		AC70274528C1B67A008C8D83 /* Build configuration list for PBXProject "pos-swiftui" */ = {
			isa = XCConfigurationList;
			buildConfigurations = (
				AC70276C28C1B67C008C8D83 /* Debug */,
				AC70276D28C1B67C008C8D83 /* Release */,
			);
			defaultConfigurationIsVisible = 0;
			defaultConfigurationName = Release;
		};
		AC70276E28C1B67C008C8D83 /* Build configuration list for PBXNativeTarget "pos-swiftui" */ = {
			isa = XCConfigurationList;
			buildConfigurations = (
				AC70276F28C1B67C008C8D83 /* Debug */,
				AC70277028C1B67C008C8D83 /* Release */,
			);
			defaultConfigurationIsVisible = 0;
			defaultConfigurationName = Release;
		};
		AC70277128C1B67C008C8D83 /* Build configuration list for PBXNativeTarget "pos-swiftuiTests" */ = {
			isa = XCConfigurationList;
			buildConfigurations = (
				AC70277228C1B67C008C8D83 /* Debug */,
				AC70277328C1B67C008C8D83 /* Release */,
			);
			defaultConfigurationIsVisible = 0;
			defaultConfigurationName = Release;
		};
/* End XCConfigurationList section */
	};
	rootObject = AC70274228C1B67A008C8D83 /* Project object */;
}
